
Microsoft Visual Studio Solution File, Format Version 12.00
# Visual Studio Version 17
VisualStudioVersion = 17.13.35806.99 d17.13
MinimumVisualStudioVersion = 10.0.40219.1
Project("{FAE04EC0-301F-11D3-BF4B-00C04F79EFBC}") = "1task", "1task.csproj", "{DD1BA47F-D6F0-4FB1-BF5F-C46291E6D233}"
EndProject
Global
	GlobalSection(SolutionConfigurationPlatforms) = preSolution
		Debug|Any CPU = Debug|Any CPU
		Release|Any CPU = Release|Any CPU
	EndGlobalSection
	GlobalSection(ProjectConfigurationPlatforms) = postSolution
		{DD1BA47F-D6F0-4FB1-BF5F-C46291E6D233}.Debug|Any CPU.ActiveCfg = Debug|Any CPU
		{DD1BA47F-D6F0-4FB1-BF5F-C46291E6D233}.Debug|Any CPU.Build.0 = Debug|Any CPU
		{DD1BA47F-D6F0-4FB1-BF5F-C46291E6D233}.Release|Any CPU.ActiveCfg = Release|Any CPU
		{DD1BA47F-D6F0-4FB1-BF5F-C46291E6D233}.Release|Any CPU.Build.0 = Release|Any CPU
	EndGlobalSection
	GlobalSection(SolutionProperties) = preSolution
		HideSolutionNode = FALSE
	EndGlobalSection
	GlobalSection(ExtensibilityGlobals) = postSolution
		SolutionGuid = {4DC7EB3E-F628-4B15-9C29-1FF5AB8E5A2A}
	EndGlobalSection
EndGlobal
